
Microsoft Visual Studio Solution File, Format Version 12.00
# Visual Studio Version 16
VisualStudioVersion = 16.0.31410.357
MinimumVisualStudioVersion = 10.0.40219.1
Project("{FAE04EC0-301F-11D3-BF4B-00C04F79EFBC}") = "Eshop", "Eshop.csproj", "{30E39FAC-76B8-45EF-8483-01F0A169B015}"
EndProject
Global
	GlobalSection(SolutionConfigurationPlatforms) = preSolution
		Debug|Any CPU = Debug|Any CPU
		Release|Any CPU = Release|Any CPU
	EndGlobalSection
	GlobalSection(ProjectConfigurationPlatforms) = postSolution
		{30E39FAC-76B8-45EF-8483-01F0A169B015}.Debug|Any CPU.ActiveCfg = Debug|Any CPU
		{30E39FAC-76B8-45EF-8483-01F0A169B015}.Debug|Any CPU.Build.0 = Debug|Any CPU
		{30E39FAC-76B8-45EF-8483-01F0A169B015}.Release|Any CPU.ActiveCfg = Release|Any CPU
		{30E39FAC-76B8-45EF-8483-01F0A169B015}.Release|Any CPU.Build.0 = Release|Any CPU
	EndGlobalSection
	GlobalSection(SolutionProperties) = preSolution
		HideSolutionNode = FALSE
	EndGlobalSection
	GlobalSection(ExtensibilityGlobals) = postSolution
		SolutionGuid = {777FDFD8-153F-4BC8-B7EC-4A4F15F95591}
	EndGlobalSection
EndGlobal
